
Microsoft Visual Studio Solution File, Format Version 12.00
# Visual Studio Version 16
VisualStudioVersion = 16.0.29926.136
MinimumVisualStudioVersion = 10.0.40219.1
Project("{FAE04EC0-301F-11D3-BF4B-00C04F79EFBC}") = "projetogit", "projetogit\projetogit.csproj", "{4ADC1992-20C6-4D6F-978D-7DE4B463B8AE}"
EndProject
Global
	GlobalSection(SolutionConfigurationPlatforms) = preSolution
		Debug|Any CPU = Debug|Any CPU
		Release|Any CPU = Release|Any CPU
	EndGlobalSection
	GlobalSection(ProjectConfigurationPlatforms) = postSolution
		{4ADC1992-20C6-4D6F-978D-7DE4B463B8AE}.Debug|Any CPU.ActiveCfg = Debug|Any CPU
		{4ADC1992-20C6-4D6F-978D-7DE4B463B8AE}.Debug|Any CPU.Build.0 = Debug|Any CPU
		{4ADC1992-20C6-4D6F-978D-7DE4B463B8AE}.Release|Any CPU.ActiveCfg = Release|Any CPU
		{4ADC1992-20C6-4D6F-978D-7DE4B463B8AE}.Release|Any CPU.Build.0 = Release|Any CPU
	EndGlobalSection
	GlobalSection(SolutionProperties) = preSolution
		HideSolutionNode = FALSE
	EndGlobalSection
	GlobalSection(ExtensibilityGlobals) = postSolution
		SolutionGuid = {509785A3-7508-4328-884C-F6BB74EE780F}
	EndGlobalSection
EndGlobal
